
Microsoft Visual Studio Solution File, Format Version 12.00
# Visual Studio Version 17
VisualStudioVersion = 17.3.32922.545
MinimumVisualStudioVersion = 10.0.40219.1
Project("{FAE04EC0-301F-11D3-BF4B-00C04F79EFBC}") = "M1kk4l FiveM Launcher", "M1kk4l FiveM Launcher\M1kk4l FiveM Launcher.csproj", "{B5759514-45E2-4EAC-9193-4ABAC70A9877}"
EndProject
Global
	GlobalSection(SolutionConfigurationPlatforms) = preSolution
		Debug|Any CPU = Debug|Any CPU
		Release|Any CPU = Release|Any CPU
	EndGlobalSection
	GlobalSection(ProjectConfigurationPlatforms) = postSolution
		{B5759514-45E2-4EAC-9193-4ABAC70A9877}.Debug|Any CPU.ActiveCfg = Debug|Any CPU
		{B5759514-45E2-4EAC-9193-4ABAC70A9877}.Debug|Any CPU.Build.0 = Debug|Any CPU
		{B5759514-45E2-4EAC-9193-4ABAC70A9877}.Release|Any CPU.ActiveCfg = Release|Any CPU
		{B5759514-45E2-4EAC-9193-4ABAC70A9877}.Release|Any CPU.Build.0 = Release|Any CPU
	EndGlobalSection
	GlobalSection(SolutionProperties) = preSolution
		HideSolutionNode = FALSE
	EndGlobalSection
	GlobalSection(ExtensibilityGlobals) = postSolution
		SolutionGuid = {0E49FBCB-775E-4D98-9158-7B01B94FB7E5}
	EndGlobalSection
EndGlobal
